
Microsoft Visual Studio Solution File, Format Version 12.00
# Visual Studio Version 17
VisualStudioVersion = 17.8.34525.116
MinimumVisualStudioVersion = 10.0.40219.1
Project("{8BC9CEB8-8B4A-11D0-8D11-00A0C91BC942}") = "Lec04_Array_Class", "Lec04_Array_Class\Lec04_Array_Class.vcxproj", "{4412362E-2AEB-4555-8A3B-0E2C9CC4B672}"
EndProject
Project("{8BC9CEB8-8B4A-11D0-8D11-00A0C91BC942}") = "Polynomial_Class", "Polynomial_Class\Polynomial_Class.vcxproj", "{D8DC7246-03D0-4A1D-8AA8-FCEFFE63C3A3}"
EndProject
Project("{8BC9CEB8-8B4A-11D0-8D11-00A0C91BC942}") = "Complex_Class", "Complex_Class\Complex_Class.vcxproj", "{8905D9B7-790D-46FE-9FAD-46B371BBA8C6}"
EndProject
Project("{8BC9CEB8-8B4A-11D0-8D11-00A0C91BC942}") = "Car_Class", "Car_Class\Car_Class.vcxproj", "{F20FE54D-F02A-4D2F-803A-441404286E2C}"
EndProject
Global
	GlobalSection(SolutionConfigurationPlatforms) = preSolution
		Debug|x64 = Debug|x64
		Debug|x86 = Debug|x86
		Release|x64 = Release|x64
		Release|x86 = Release|x86
	EndGlobalSection
	GlobalSection(ProjectConfigurationPlatforms) = postSolution
		{4412362E-2AEB-4555-8A3B-0E2C9CC4B672}.Debug|x64.ActiveCfg = Debug|x64
		{4412362E-2AEB-4555-8A3B-0E2C9CC4B672}.Debug|x64.Build.0 = Debug|x64
		{4412362E-2AEB-4555-8A3B-0E2C9CC4B672}.Debug|x86.ActiveCfg = Debug|Win32
		{4412362E-2AEB-4555-8A3B-0E2C9CC4B672}.Debug|x86.Build.0 = Debug|Win32
		{4412362E-2AEB-4555-8A3B-0E2C9CC4B672}.Release|x64.ActiveCfg = Release|x64
		{4412362E-2AEB-4555-8A3B-0E2C9CC4B672}.Release|x64.Build.0 = Release|x64
		{4412362E-2AEB-4555-8A3B-0E2C9CC4B672}.Release|x86.ActiveCfg = Release|Win32
		{4412362E-2AEB-4555-8A3B-0E2C9CC4B672}.Release|x86.Build.0 = Release|Win32
		{D8DC7246-03D0-4A1D-8AA8-FCEFFE63C3A3}.Debug|x64.ActiveCfg = Debug|x64
		{D8DC7246-03D0-4A1D-8AA8-FCEFFE63C3A3}.Debug|x64.Build.0 = Debug|x64
		{D8DC7246-03D0-4A1D-8AA8-FCEFFE63C3A3}.Debug|x86.ActiveCfg = Debug|Win32
		{D8DC7246-03D0-4A1D-8AA8-FCEFFE63C3A3}.Debug|x86.Build.0 = Debug|Win32
		{D8DC7246-03D0-4A1D-8AA8-FCEFFE63C3A3}.Release|x64.ActiveCfg = Release|x64
		{D8DC7246-03D0-4A1D-8AA8-FCEFFE63C3A3}.Release|x64.Build.0 = Release|x64
		{D8DC7246-03D0-4A1D-8AA8-FCEFFE63C3A3}.Release|x86.ActiveCfg = Release|Win32
		{D8DC7246-03D0-4A1D-8AA8-FCEFFE63C3A3}.Release|x86.Build.0 = Release|Win32
		{8905D9B7-790D-46FE-9FAD-46B371BBA8C6}.Debug|x64.ActiveCfg = Debug|x64
		{8905D9B7-790D-46FE-9FAD-46B371BBA8C6}.Debug|x64.Build.0 = Debug|x64
		{8905D9B7-790D-46FE-9FAD-46B371BBA8C6}.Debug|x86.ActiveCfg = Debug|Win32
		{8905D9B7-790D-46FE-9FAD-46B371BBA8C6}.Debug|x86.Build.0 = Debug|Win32
		{8905D9B7-790D-46FE-9FAD-46B371BBA8C6}.Release|x64.ActiveCfg = Release|x64
		{8905D9B7-790D-46FE-9FAD-46B371BBA8C6}.Release|x64.Build.0 = Release|x64
		{8905D9B7-790D-46FE-9FAD-46B371BBA8C6}.Release|x86.ActiveCfg = Release|Win32
		{8905D9B7-790D-46FE-9FAD-46B371BBA8C6}.Release|x86.Build.0 = Release|Win32
		{F20FE54D-F02A-4D2F-803A-441404286E2C}.Debug|x64.ActiveCfg = Debug|x64
		{F20FE54D-F02A-4D2F-803A-441404286E2C}.Debug|x64.Build.0 = Debug|x64
		{F20FE54D-F02A-4D2F-803A-441404286E2C}.Debug|x86.ActiveCfg = Debug|Win32
		{F20FE54D-F02A-4D2F-803A-441404286E2C}.Debug|x86.Build.0 = Debug|Win32
		{F20FE54D-F02A-4D2F-803A-441404286E2C}.Release|x64.ActiveCfg = Release|x64
		{F20FE54D-F02A-4D2F-803A-441404286E2C}.Release|x64.Build.0 = Release|x64
		{F20FE54D-F02A-4D2F-803A-441404286E2C}.Release|x86.ActiveCfg = Release|Win32
		{F20FE54D-F02A-4D2F-803A-441404286E2C}.Release|x86.Build.0 = Release|Win32
	EndGlobalSection
	GlobalSection(SolutionProperties) = preSolution
		HideSolutionNode = FALSE
	EndGlobalSection
	GlobalSection(ExtensibilityGlobals) = postSolution
		SolutionGuid = {DFAAFB93-C00E-4F10-A053-D2D088315A8F}
	EndGlobalSection
EndGlobal
