
Microsoft Visual Studio Solution File, Format Version 12.00
# Visual Studio Version 17
VisualStudioVersion = 17.8.34525.116
MinimumVisualStudioVersion = 10.0.40219.1
Project("{8BC9CEB8-8B4A-11D0-8D11-00A0C91BC942}") = "Project1", "Project1\Project1.vcxproj", "{5269BFEE-1BC7-4C4D-BD7E-425660555FD4}"
EndProject
Global
	GlobalSection(SolutionConfigurationPlatforms) = preSolution
		Debug|x64 = Debug|x64
		Debug|x86 = Debug|x86
		Release|x64 = Release|x64
		Release|x86 = Release|x86
	EndGlobalSection
	GlobalSection(ProjectConfigurationPlatforms) = postSolution
		{5269BFEE-1BC7-4C4D-BD7E-425660555FD4}.Debug|x64.ActiveCfg = Debug|x64
		{5269BFEE-1BC7-4C4D-BD7E-425660555FD4}.Debug|x64.Build.0 = Debug|x64
		{5269BFEE-1BC7-4C4D-BD7E-425660555FD4}.Debug|x86.ActiveCfg = Debug|Win32
		{5269BFEE-1BC7-4C4D-BD7E-425660555FD4}.Debug|x86.Build.0 = Debug|Win32
		{5269BFEE-1BC7-4C4D-BD7E-425660555FD4}.Release|x64.ActiveCfg = Release|x64
		{5269BFEE-1BC7-4C4D-BD7E-425660555FD4}.Release|x64.Build.0 = Release|x64
		{5269BFEE-1BC7-4C4D-BD7E-425660555FD4}.Release|x86.ActiveCfg = Release|Win32
		{5269BFEE-1BC7-4C4D-BD7E-425660555FD4}.Release|x86.Build.0 = Release|Win32
	EndGlobalSection
	GlobalSection(SolutionProperties) = preSolution
		HideSolutionNode = FALSE
	EndGlobalSection
	GlobalSection(ExtensibilityGlobals) = postSolution
		SolutionGuid = {00BC427F-FD38-4AA1-A7CA-51B62205A299}
	EndGlobalSection
EndGlobal
